
Microsoft Visual Studio Solution File, Format Version 12.00
# Visual Studio Version 17
VisualStudioVersion = 17.4.33213.308
MinimumVisualStudioVersion = 10.0.40219.1
Project("{9A19103F-16F7-4668-BE54-9A1E7A4F7556}") = "EfCoreHilo", "EfCoreHilo\EfCoreHilo.csproj", "{9BE00BA4-E0CD-4FAB-8789-336D43425053}"
EndProject
Project("{00D1A9C2-B5F0-4AF3-8072-F6C62B433612}") = "EfCoreHilo.SSDT", "EfCoreHilo.SSDT\EfCoreHilo.SSDT.sqlproj", "{BCAF4125-4F2F-4C8A-B946-8C09BA5CFC48}"
EndProject
Global
	GlobalSection(SolutionConfigurationPlatforms) = preSolution
		Debug|Any CPU = Debug|Any CPU
		Release|Any CPU = Release|Any CPU
	EndGlobalSection
	GlobalSection(ProjectConfigurationPlatforms) = postSolution
		{9BE00BA4-E0CD-4FAB-8789-336D43425053}.Debug|Any CPU.ActiveCfg = Debug|Any CPU
		{9BE00BA4-E0CD-4FAB-8789-336D43425053}.Debug|Any CPU.Build.0 = Debug|Any CPU
		{9BE00BA4-E0CD-4FAB-8789-336D43425053}.Release|Any CPU.ActiveCfg = Release|Any CPU
		{9BE00BA4-E0CD-4FAB-8789-336D43425053}.Release|Any CPU.Build.0 = Release|Any CPU
		{BCAF4125-4F2F-4C8A-B946-8C09BA5CFC48}.Debug|Any CPU.ActiveCfg = Debug|Any CPU
		{BCAF4125-4F2F-4C8A-B946-8C09BA5CFC48}.Debug|Any CPU.Build.0 = Debug|Any CPU
		{BCAF4125-4F2F-4C8A-B946-8C09BA5CFC48}.Debug|Any CPU.Deploy.0 = Debug|Any CPU
		{BCAF4125-4F2F-4C8A-B946-8C09BA5CFC48}.Release|Any CPU.ActiveCfg = Release|Any CPU
		{BCAF4125-4F2F-4C8A-B946-8C09BA5CFC48}.Release|Any CPU.Build.0 = Release|Any CPU
		{BCAF4125-4F2F-4C8A-B946-8C09BA5CFC48}.Release|Any CPU.Deploy.0 = Release|Any CPU
	EndGlobalSection
	GlobalSection(SolutionProperties) = preSolution
		HideSolutionNode = FALSE
	EndGlobalSection
	GlobalSection(ExtensibilityGlobals) = postSolution
		SolutionGuid = {901751DB-C702-46F4-8856-EF563AA24064}
	EndGlobalSection
EndGlobal
